
Microsoft Visual Studio Solution File, Format Version 12.00
# Visual Studio Version 17
VisualStudioVersion = 17.8.34525.116
MinimumVisualStudioVersion = 10.0.40219.1
Project("{9A19103F-16F7-4668-BE54-9A1E7A4F7556}") = "PatientAPI", "Patient\PatientAPI.csproj", "{068B2051-D7F9-4EB7-9330-8EE8F6462FA3}"
EndProject
Project("{9A19103F-16F7-4668-BE54-9A1E7A4F7556}") = "DataBasePatient", "DataBasePatient\DataBasePatient.csproj", "{43D57DD6-6966-44F3-A688-05D8FA4CA64D}"
EndProject
Project("{E53339B2-1760-4266-BCC7-CA923CBCF16C}") = "docker-compose", "docker-compose.dcproj", "{1BAD693A-88B2-4A9A-A66D-F1323DA0E01F}"
EndProject
Global
	GlobalSection(SolutionConfigurationPlatforms) = preSolution
		Debug|Any CPU = Debug|Any CPU
		Release|Any CPU = Release|Any CPU
	EndGlobalSection
	GlobalSection(ProjectConfigurationPlatforms) = postSolution
		{068B2051-D7F9-4EB7-9330-8EE8F6462FA3}.Debug|Any CPU.ActiveCfg = Debug|Any CPU
		{068B2051-D7F9-4EB7-9330-8EE8F6462FA3}.Debug|Any CPU.Build.0 = Debug|Any CPU
		{068B2051-D7F9-4EB7-9330-8EE8F6462FA3}.Release|Any CPU.ActiveCfg = Release|Any CPU
		{068B2051-D7F9-4EB7-9330-8EE8F6462FA3}.Release|Any CPU.Build.0 = Release|Any CPU
		{43D57DD6-6966-44F3-A688-05D8FA4CA64D}.Debug|Any CPU.ActiveCfg = Debug|Any CPU
		{43D57DD6-6966-44F3-A688-05D8FA4CA64D}.Debug|Any CPU.Build.0 = Debug|Any CPU
		{43D57DD6-6966-44F3-A688-05D8FA4CA64D}.Release|Any CPU.ActiveCfg = Release|Any CPU
		{43D57DD6-6966-44F3-A688-05D8FA4CA64D}.Release|Any CPU.Build.0 = Release|Any CPU
		{1BAD693A-88B2-4A9A-A66D-F1323DA0E01F}.Debug|Any CPU.ActiveCfg = Debug|Any CPU
		{1BAD693A-88B2-4A9A-A66D-F1323DA0E01F}.Debug|Any CPU.Build.0 = Debug|Any CPU
		{1BAD693A-88B2-4A9A-A66D-F1323DA0E01F}.Release|Any CPU.ActiveCfg = Release|Any CPU
		{1BAD693A-88B2-4A9A-A66D-F1323DA0E01F}.Release|Any CPU.Build.0 = Release|Any CPU
	EndGlobalSection
	GlobalSection(SolutionProperties) = preSolution
		HideSolutionNode = FALSE
	EndGlobalSection
	GlobalSection(ExtensibilityGlobals) = postSolution
		SolutionGuid = {C74898C5-55EF-46BF-A484-27BE35D8D5B9}
	EndGlobalSection
EndGlobal
